// !$*UTF8*$!
{
	archiveVersion = 1;
	classes = {
	};
	objectVersion = 77;
	objects = {

/* Begin PBXContainerItemProxy section */
		46E694C12D135D5F003B05CF /* PBXContainerItemProxy */ = {
			isa = PBXContainerItemProxy;
			containerPortal = 46E694A82D135D5D003B05CF /* Project object */;
			proxyType = 1;
			remoteGlobalIDString = 46E694AF2D135D5D003B05CF;
			remoteInfo = DisplayingData;
		};
		46E694CB2D135D5F003B05CF /* PBXContainerItemProxy */ = {
			isa = PBXContainerItemProxy;
			containerPortal = 46E694A82D135D5D003B05CF /* Project object */;
			proxyType = 1;
			remoteGlobalIDString = 46E694AF2D135D5D003B05CF;
			remoteInfo = DisplayingData;
		};
/* End PBXContainerItemProxy section */

/* Begin PBXFileReference section */
		46E694B02D135D5D003B05CF /* DisplayingData.app */ = {isa = PBXFileReference; explicitFileType = wrapper.application; includeInIndex = 0; path = DisplayingData.app; sourceTree = BUILT_PRODUCTS_DIR; };
		46E694C02D135D5F003B05CF /* DisplayingDataTests.xctest */ = {isa = PBXFileReference; explicitFileType = wrapper.cfbundle; includeInIndex = 0; path = DisplayingDataTests.xctest; sourceTree = BUILT_PRODUCTS_DIR; };
		46E694CA2D135D5F003B05CF /* DisplayingDataUITests.xctest */ = {isa = PBXFileReference; explicitFileType = wrapper.cfbundle; includeInIndex = 0; path = DisplayingDataUITests.xctest; sourceTree = BUILT_PRODUCTS_DIR; };
/* End PBXFileReference section */

/* Begin PBXFileSystemSynchronizedRootGroup section */
		46E694B22D135D5D003B05CF /* DisplayingData */ = {
			isa = PBXFileSystemSynchronizedRootGroup;
			path = DisplayingData;
			sourceTree = "<group>";
		};
		46E694C32D135D5F003B05CF /* DisplayingDataTests */ = {
			isa = PBXFileSystemSynchronizedRootGroup;
			path = DisplayingDataTests;
			sourceTree = "<group>";
		};
		46E694CD2D135D5F003B05CF /* DisplayingDataUITests */ = {
			isa = PBXFileSystemSynchronizedRootGroup;
			path = DisplayingDataUITests;
			sourceTree = "<group>";
		};
/* End PBXFileSystemSynchronizedRootGroup section */

/* Begin PBXFrameworksBuildPhase section */
		46E694AD2D135D5D003B05CF /* Frameworks */ = {
			isa = PBXFrameworksBuildPhase;
			buildActionMask = 2147483647;
			files = (
			);
			runOnlyForDeploymentPostprocessing = 0;
		};
		46E694BD2D135D5F003B05CF /* Frameworks */ = {
			isa = PBXFrameworksBuildPhase;
			buildActionMask = 2147483647;
			files = (
			);
			runOnlyForDeploymentPostprocessing = 0;
		};
		46E694C72D135D5F003B05CF /* Frameworks */ = {
			isa = PBXFrameworksBuildPhase;
			buildActionMask = 2147483647;
			files = (
			);
			runOnlyForDeploymentPostprocessing = 0;
		};
/* End PBXFrameworksBuildPhase section */

/* Begin PBXGroup section */
		46E694A72D135D5D003B05CF = {
			isa = PBXGroup;
			children = (
				46E694B22D135D5D003B05CF /* DisplayingData */,
				46E694C32D135D5F003B05CF /* DisplayingDataTests */,
				46E694CD2D135D5F003B05CF /* DisplayingDataUITests */,
				46E694B12D135D5D003B05CF /* Products */,
			);
			sourceTree = "<group>";
		};
		46E694B12D135D5D003B05CF /* Products */ = {
			isa = PBXGroup;
			children = (
				46E694B02D135D5D003B05CF /* DisplayingData.app */,
				46E694C02D135D5F003B05CF /* DisplayingDataTests.xctest */,
				46E694CA2D135D5F003B05CF /* DisplayingDataUITests.xctest */,
			);
			name = Products;
			sourceTree = "<group>";
		};
/* End PBXGroup section */

/* Begin PBXNativeTarget section */
		46E694AF2D135D5D003B05CF /* DisplayingData */ = {
			isa = PBXNativeTarget;
			buildConfigurationList = 46E694D42D135D5F003B05CF /* Build configuration list for PBXNativeTarget "DisplayingData" */;
			buildPhases = (
				46E694AC2D135D5D003B05CF /* Sources */,
				46E694AD2D135D5D003B05CF /* Frameworks */,
				46E694AE2D135D5D003B05CF /* Resources */,
			);
			buildRules = (
			);
			dependencies = (
			);
			fileSystemSynchronizedGroups = (
				46E694B22D135D5D003B05CF /* DisplayingData */,
			);
			name = DisplayingData;
			packageProductDependencies = (
			);
			productName = DisplayingData;
			productReference = 46E694B02D135D5D003B05CF /* DisplayingData.app */;
			productType = "com.apple.product-type.application";
		};
		46E694BF2D135D5F003B05CF /* DisplayingDataTests */ = {
			isa = PBXNativeTarget;
			buildConfigurationList = 46E694D72D135D5F003B05CF /* Build configuration list for PBXNativeTarget "DisplayingDataTests" */;
			buildPhases = (
				46E694BC2D135D5F003B05CF /* Sources */,
				46E694BD2D135D5F003B05CF /* Frameworks */,
				46E694BE2D135D5F003B05CF /* Resources */,
			);
			buildRules = (
			);
			dependencies = (
				46E694C22D135D5F003B05CF /* PBXTargetDependency */,
			);
			fileSystemSynchronizedGroups = (
				46E694C32D135D5F003B05CF /* DisplayingDataTests */,
			);
			name = DisplayingDataTests;
			packageProductDependencies = (
			);
			productName = DisplayingDataTests;
			productReference = 46E694C02D135D5F003B05CF /* DisplayingDataTests.xctest */;
			productType = "com.apple.product-type.bundle.unit-test";
		};
		46E694C92D135D5F003B05CF /* DisplayingDataUITests */ = {
			isa = PBXNativeTarget;
			buildConfigurationList = 46E694DA2D135D5F003B05CF /* Build configuration list for PBXNativeTarget "DisplayingDataUITests" */;
			buildPhases = (
				46E694C62D135D5F003B05CF /* Sources */,
				46E694C72D135D5F003B05CF /* Frameworks */,
				46E694C82D135D5F003B05CF /* Resources */,
			);
			buildRules = (
			);
			dependencies = (
				46E694CC2D135D5F003B05CF /* PBXTargetDependency */,
			);
			fileSystemSynchronizedGroups = (
				46E694CD2D135D5F003B05CF /* DisplayingDataUITests */,
			);
			name = DisplayingDataUITests;
			packageProductDependencies = (
			);
			productName = DisplayingDataUITests;
			productReference = 46E694CA2D135D5F003B05CF /* DisplayingDataUITests.xctest */;
			productType = "com.apple.product-type.bundle.ui-testing";
		};
/* End PBXNativeTarget section */

/* Begin PBXProject section */
		46E694A82D135D5D003B05CF /* Project object */ = {
			isa = PBXProject;
			attributes = {
				BuildIndependentTargetsInParallel = 1;
				LastSwiftUpdateCheck = 1620;
				LastUpgradeCheck = 1620;
				TargetAttributes = {
					46E694AF2D135D5D003B05CF = {
						CreatedOnToolsVersion = 16.2;
					};
					46E694BF2D135D5F003B05CF = {
						CreatedOnToolsVersion = 16.2;
						TestTargetID = 46E694AF2D135D5D003B05CF;
					};
					46E694C92D135D5F003B05CF = {
						CreatedOnToolsVersion = 16.2;
						TestTargetID = 46E694AF2D135D5D003B05CF;
					};
				};
			};
			buildConfigurationList = 46E694AB2D135D5D003B05CF /* Build configuration list for PBXProject "DisplayingData" */;
			developmentRegion = en;
			hasScannedForEncodings = 0;
			knownRegions = (
				en,
				Base,
			);
			mainGroup = 46E694A72D135D5D003B05CF;
			minimizedProjectReferenceProxies = 1;
			preferredProjectObjectVersion = 77;
			productRefGroup = 46E694B12D135D5D003B05CF /* Products */;
			projectDirPath = "";
			projectRoot = "";
			targets = (
				46E694AF2D135D5D003B05CF /* DisplayingData */,
				46E694BF2D135D5F003B05CF /* DisplayingDataTests */,
				46E694C92D135D5F003B05CF /* DisplayingDataUITests */,
			);
		};
/* End PBXProject section */

/* Begin PBXResourcesBuildPhase section */
		46E694AE2D135D5D003B05CF /* Resources */ = {
			isa = PBXResourcesBuildPhase;
			buildActionMask = 2147483647;
			files = (
			);
			runOnlyForDeploymentPostprocessing = 0;
		};
		46E694BE2D135D5F003B05CF /* Resources */ = {
			isa = PBXResourcesBuildPhase;
			buildActionMask = 2147483647;
			files = (
			);
			runOnlyForDeploymentPostprocessing = 0;
		};
		46E694C82D135D5F003B05CF /* Resources */ = {
			isa = PBXResourcesBuildPhase;
			buildActionMask = 2147483647;
			files = (
			);
			runOnlyForDeploymentPostprocessing = 0;
		};
/* End PBXResourcesBuildPhase section */

/* Begin PBXSourcesBuildPhase section */
		46E694AC2D135D5D003B05CF /* Sources */ = {
			isa = PBXSourcesBuildPhase;
			buildActionMask = 2147483647;
			files = (
			);
			runOnlyForDeploymentPostprocessing = 0;
		};
		46E694BC2D135D5F003B05CF /* Sources */ = {
			isa = PBXSourcesBuildPhase;
			buildActionMask = 2147483647;
			files = (
			);
			runOnlyForDeploymentPostprocessing = 0;
		};
		46E694C62D135D5F003B05CF /* Sources */ = {
			isa = PBXSourcesBuildPhase;
			buildActionMask = 2147483647;
			files = (
			);
			runOnlyForDeploymentPostprocessing = 0;
		};
/* End PBXSourcesBuildPhase section */

/* Begin PBXTargetDependency section */
		46E694C22D135D5F003B05CF /* PBXTargetDependency */ = {
			isa = PBXTargetDependency;
			target = 46E694AF2D135D5D003B05CF /* DisplayingData */;
			targetProxy = 46E694C12D135D5F003B05CF /* PBXContainerItemProxy */;
		};
		46E694CC2D135D5F003B05CF /* PBXTargetDependency */ = {
			isa = PBXTargetDependency;
			target = 46E694AF2D135D5D003B05CF /* DisplayingData */;
			targetProxy = 46E694CB2D135D5F003B05CF /* PBXContainerItemProxy */;
		};
/* End PBXTargetDependency section */

/* Begin XCBuildConfiguration section */
		46E694D22D135D5F003B05CF /* Debug */ = {
			isa = XCBuildConfiguration;
			buildSettings = {
				ALWAYS_SEARCH_USER_PATHS = NO;
				ASSETCATALOG_COMPILER_GENERATE_SWIFT_ASSET_SYMBOL_EXTENSIONS = YES;
				CLANG_ANALYZER_NONNULL = YES;
				CLANG_ANALYZER_NUMBER_OBJECT_CONVERSION = YES_AGGRESSIVE;
				CLANG_CXX_LANGUAGE_STANDARD = "gnu++20";
				CLANG_ENABLE_MODULES = YES;
				CLANG_ENABLE_OBJC_ARC = YES;
				CLANG_ENABLE_OBJC_WEAK = YES;
				CLANG_WARN_BLOCK_CAPTURE_AUTORELEASING = YES;
				CLANG_WARN_BOOL_CONVERSION = YES;
				CLANG_WARN_COMMA = YES;
				CLANG_WARN_CONSTANT_CONVERSION = YES;
				CLANG_WARN_DEPRECATED_OBJC_IMPLEMENTATIONS = YES;
				CLANG_WARN_DIRECT_OBJC_ISA_USAGE = YES_ERROR;
				CLANG_WARN_DOCUMENTATION_COMMENTS = YES;
				CLANG_WARN_EMPTY_BODY = YES;
				CLANG_WARN_ENUM_CONVERSION = YES;
				CLANG_WARN_INFINITE_RECURSION = YES;
				CLANG_WARN_INT_CONVERSION = YES;
				CLANG_WARN_NON_LITERAL_NULL_CONVERSION = YES;
				CLANG_WARN_OBJC_IMPLICIT_RETAIN_SELF = YES;
				CLANG_WARN_OBJC_LITERAL_CONVERSION = YES;
				CLANG_WARN_OBJC_ROOT_CLASS = YES_ERROR;
				CLANG_WARN_QUOTED_INCLUDE_IN_FRAMEWORK_HEADER = YES;
				CLANG_WARN_RANGE_LOOP_ANALYSIS = YES;
				CLANG_WARN_STRICT_PROTOTYPES = YES;
				CLANG_WARN_SUSPICIOUS_MOVE = YES;
				CLANG_WARN_UNGUARDED_AVAILABILITY = YES_AGGRESSIVE;
				CLANG_WARN_UNREACHABLE_CODE = YES;
				CLANG_WARN__DUPLICATE_METHOD_MATCH = YES;
				COPY_PHASE_STRIP = NO;
				DEBUG_INFORMATION_FORMAT = dwarf;
				ENABLE_STRICT_OBJC_MSGSEND = YES;
				ENABLE_TESTABILITY = YES;
				ENABLE_USER_SCRIPT_SANDBOXING = YES;
				GCC_C_LANGUAGE_STANDARD = gnu17;
				GCC_DYNAMIC_NO_PIC = NO;
				GCC_NO_COMMON_BLOCKS = YES;
				GCC_OPTIMIZATION_LEVEL = 0;
				GCC_PREPROCESSOR_DEFINITIONS = (
					"DEBUG=1",
					"$(inherited)",
				);
				GCC_WARN_64_TO_32_BIT_CONVERSION = YES;
				GCC_WARN_ABOUT_RETURN_TYPE = YES_ERROR;
				GCC_WARN_UNDECLARED_SELECTOR = YES;
				GCC_WARN_UNINITIALIZED_AUTOS = YES_AGGRESSIVE;
				GCC_WARN_UNUSED_FUNCTION = YES;
				GCC_WARN_UNUSED_VARIABLE = YES;
				IPHONEOS_DEPLOYMENT_TARGET = 18.2;
				LOCALIZATION_PREFERS_STRING_CATALOGS = YES;
				MTL_ENABLE_DEBUG_INFO = INCLUDE_SOURCE;
				MTL_FAST_MATH = YES;
				ONLY_ACTIVE_ARCH = YES;
				SDKROOT = iphoneos;
				SWIFT_ACTIVE_COMPILATION_CONDITIONS = "DEBUG $(inherited)";
				SWIFT_OPTIMIZATION_LEVEL = "-Onone";
			};
			name = Debug;
		};
		46E694D32D135D5F003B05CF /* Release */ = {
			isa = XCBuildConfiguration;
			buildSettings = {
				ALWAYS_SEARCH_USER_PATHS = NO;
				ASSETCATALOG_COMPILER_GENERATE_SWIFT_ASSET_SYMBOL_EXTENSIONS = YES;
				CLANG_ANALYZER_NONNULL = YES;
				CLANG_ANALYZER_NUMBER_OBJECT_CONVERSION = YES_AGGRESSIVE;
				CLANG_CXX_LANGUAGE_STANDARD = "gnu++20";
				CLANG_ENABLE_MODULES = YES;
				CLANG_ENABLE_OBJC_ARC = YES;
				CLANG_ENABLE_OBJC_WEAK = YES;
				CLANG_WARN_BLOCK_CAPTURE_AUTORELEASING = YES;
				CLANG_WARN_BOOL_CONVERSION = YES;
				CLANG_WARN_COMMA = YES;
				CLANG_WARN_CONSTANT_CONVERSION = YES;
				CLANG_WARN_DEPRECATED_OBJC_IMPLEMENTATIONS = YES;
				CLANG_WARN_DIRECT_OBJC_ISA_USAGE = YES_ERROR;
				CLANG_WARN_DOCUMENTATION_COMMENTS = YES;
				CLANG_WARN_EMPTY_BODY = YES;
				CLANG_WARN_ENUM_CONVERSION = YES;
				CLANG_WARN_INFINITE_RECURSION = YES;
				CLANG_WARN_INT_CONVERSION = YES;
				CLANG_WARN_NON_LITERAL_NULL_CONVERSION = YES;
				CLANG_WARN_OBJC_IMPLICIT_RETAIN_SELF = YES;
				CLANG_WARN_OBJC_LITERAL_CONVERSION = YES;
				CLANG_WARN_OBJC_ROOT_CLASS = YES_ERROR;
				CLANG_WARN_QUOTED_INCLUDE_IN_FRAMEWORK_HEADER = YES;
				CLANG_WARN_RANGE_LOOP_ANALYSIS = YES;
				CLANG_WARN_STRICT_PROTOTYPES = YES;
				CLANG_WARN_SUSPICIOUS_MOVE = YES;
				CLANG_WARN_UNGUARDED_AVAILABILITY = YES_AGGRESSIVE;
				CLANG_WARN_UNREACHABLE_CODE = YES;
				CLANG_WARN__DUPLICATE_METHOD_MATCH = YES;
				COPY_PHASE_STRIP = NO;
				DEBUG_INFORMATION_FORMAT = "dwarf-with-dsym";
				ENABLE_NS_ASSERTIONS = NO;
				ENABLE_STRICT_OBJC_MSGSEND = YES;
				ENABLE_USER_SCRIPT_SANDBOXING = YES;
				GCC_C_LANGUAGE_STANDARD = gnu17;
				GCC_NO_COMMON_BLOCKS = YES;
				GCC_WARN_64_TO_32_BIT_CONVERSION = YES;
				GCC_WARN_ABOUT_RETURN_TYPE = YES_ERROR;
				GCC_WARN_UNDECLARED_SELECTOR = YES;
				GCC_WARN_UNINITIALIZED_AUTOS = YES_AGGRESSIVE;
				GCC_WARN_UNUSED_FUNCTION = YES;
				GCC_WARN_UNUSED_VARIABLE = YES;
				IPHONEOS_DEPLOYMENT_TARGET = 18.2;
				LOCALIZATION_PREFERS_STRING_CATALOGS = YES;
				MTL_ENABLE_DEBUG_INFO = NO;
				MTL_FAST_MATH = YES;
				SDKROOT = iphoneos;
				SWIFT_COMPILATION_MODE = wholemodule;
				VALIDATE_PRODUCT = YES;
			};
			name = Release;
		};
		46E694D52D135D5F003B05CF /* Debug */ = {
			isa = XCBuildConfiguration;
			buildSettings = {
				ASSETCATALOG_COMPILER_APPICON_NAME = AppIcon;
				ASSETCATALOG_COMPILER_GLOBAL_ACCENT_COLOR_NAME = AccentColor;
				CODE_SIGN_STYLE = Automatic;
				CURRENT_PROJECT_VERSION = 1;
				DEVELOPMENT_ASSET_PATHS = "\"DisplayingData/Preview Content\"";
				ENABLE_PREVIEWS = YES;
				GENERATE_INFOPLIST_FILE = YES;
				INFOPLIST_KEY_UIApplicationSceneManifest_Generation = YES;
				INFOPLIST_KEY_UIApplicationSupportsIndirectInputEvents = YES;
				INFOPLIST_KEY_UILaunchScreen_Generation = YES;
				INFOPLIST_KEY_UISupportedInterfaceOrientations_iPad = "UIInterfaceOrientationPortrait UIInterfaceOrientationPortraitUpsideDown UIInterfaceOrientationLandscapeLeft UIInterfaceOrientationLandscapeRight";
				INFOPLIST_KEY_UISupportedInterfaceOrientations_iPhone = "UIInterfaceOrientationPortrait UIInterfaceOrientationLandscapeLeft UIInterfaceOrientationLandscapeRight";
				LD_RUNPATH_SEARCH_PATHS = (
					"$(inherited)",
					"@executable_path/Frameworks",
				);
				MARKETING_VERSION = 1.0;
				PRODUCT_BUNDLE_IDENTIFIER = com.kmolearning.DisplayingData;
				PRODUCT_NAME = "$(TARGET_NAME)";
				SWIFT_EMIT_LOC_STRINGS = YES;
				SWIFT_VERSION = 5.0;
				TARGETED_DEVICE_FAMILY = "1,2";
			};
			name = Debug;
		};
		46E694D62D135D5F003B05CF /* Release */ = {
			isa = XCBuildConfiguration;
			buildSettings = {
				ASSETCATALOG_COMPILER_APPICON_NAME = AppIcon;
				ASSETCATALOG_COMPILER_GLOBAL_ACCENT_COLOR_NAME = AccentColor;
				CODE_SIGN_STYLE = Automatic;
				CURRENT_PROJECT_VERSION = 1;
				DEVELOPMENT_ASSET_PATHS = "\"DisplayingData/Preview Content\"";
				ENABLE_PREVIEWS = YES;
				GENERATE_INFOPLIST_FILE = YES;
				INFOPLIST_KEY_UIApplicationSceneManifest_Generation = YES;
				INFOPLIST_KEY_UIApplicationSupportsIndirectInputEvents = YES;
				INFOPLIST_KEY_UILaunchScreen_Generation = YES;
				INFOPLIST_KEY_UISupportedInterfaceOrientations_iPad = "UIInterfaceOrientationPortrait UIInterfaceOrientationPortraitUpsideDown UIInterfaceOrientationLandscapeLeft UIInterfaceOrientationLandscapeRight";
				INFOPLIST_KEY_UISupportedInterfaceOrientations_iPhone = "UIInterfaceOrientationPortrait UIInterfaceOrientationLandscapeLeft UIInterfaceOrientationLandscapeRight";
				LD_RUNPATH_SEARCH_PATHS = (
					"$(inherited)",
					"@executable_path/Frameworks",
				);
				MARKETING_VERSION = 1.0;
				PRODUCT_BUNDLE_IDENTIFIER = com.kmolearning.DisplayingData;
				PRODUCT_NAME = "$(TARGET_NAME)";
				SWIFT_EMIT_LOC_STRINGS = YES;
				SWIFT_VERSION = 5.0;
				TARGETED_DEVICE_FAMILY = "1,2";
			};
			name = Release;
		};
		46E694D82D135D5F003B05CF /* Debug */ = {
			isa = XCBuildConfiguration;
			buildSettings = {
				BUNDLE_LOADER = "$(TEST_HOST)";
				CODE_SIGN_STYLE = Automatic;
				CURRENT_PROJECT_VERSION = 1;
				GENERATE_INFOPLIST_FILE = YES;
				IPHONEOS_DEPLOYMENT_TARGET = 18.2;
				MARKETING_VERSION = 1.0;
				PRODUCT_BUNDLE_IDENTIFIER = com.kmolearning.DisplayingDataTests;
				PRODUCT_NAME = "$(TARGET_NAME)";
				SWIFT_EMIT_LOC_STRINGS = NO;
				SWIFT_VERSION = 5.0;
				TARGETED_DEVICE_FAMILY = "1,2";
				TEST_HOST = "$(BUILT_PRODUCTS_DIR)/DisplayingData.app/$(BUNDLE_EXECUTABLE_FOLDER_PATH)/DisplayingData";
			};
			name = Debug;
		};
		46E694D92D135D5F003B05CF /* Release */ = {
			isa = XCBuildConfiguration;
			buildSettings = {
				BUNDLE_LOADER = "$(TEST_HOST)";
				CODE_SIGN_STYLE = Automatic;
				CURRENT_PROJECT_VERSION = 1;
				GENERATE_INFOPLIST_FILE = YES;
				IPHONEOS_DEPLOYMENT_TARGET = 18.2;
				MARKETING_VERSION = 1.0;
				PRODUCT_BUNDLE_IDENTIFIER = com.kmolearning.DisplayingDataTests;
				PRODUCT_NAME = "$(TARGET_NAME)";
				SWIFT_EMIT_LOC_STRINGS = NO;
				SWIFT_VERSION = 5.0;
				TARGETED_DEVICE_FAMILY = "1,2";
				TEST_HOST = "$(BUILT_PRODUCTS_DIR)/DisplayingData.app/$(BUNDLE_EXECUTABLE_FOLDER_PATH)/DisplayingData";
			};
			name = Release;
		};
		46E694DB2D135D5F003B05CF /* Debug */ = {
			isa = XCBuildConfiguration;
			buildSettings = {
				CODE_SIGN_STYLE = Automatic;
				CURRENT_PROJECT_VERSION = 1;
				GENERATE_INFOPLIST_FILE = YES;
				MARKETING_VERSION = 1.0;
				PRODUCT_BUNDLE_IDENTIFIER = com.kmolearning.DisplayingDataUITests;
				PRODUCT_NAME = "$(TARGET_NAME)";
				SWIFT_EMIT_LOC_STRINGS = NO;
				SWIFT_VERSION = 5.0;
				TARGETED_DEVICE_FAMILY = "1,2";
				TEST_TARGET_NAME = DisplayingData;
			};
			name = Debug;
		};
		46E694DC2D135D5F003B05CF /* Release */ = {
			isa = XCBuildConfiguration;
			buildSettings = {
				CODE_SIGN_STYLE = Automatic;
				CURRENT_PROJECT_VERSION = 1;
				GENERATE_INFOPLIST_FILE = YES;
				MARKETING_VERSION = 1.0;
				PRODUCT_BUNDLE_IDENTIFIER = com.kmolearning.DisplayingDataUITests;
				PRODUCT_NAME = "$(TARGET_NAME)";
				SWIFT_EMIT_LOC_STRINGS = NO;
				SWIFT_VERSION = 5.0;
				TARGETED_DEVICE_FAMILY = "1,2";
				TEST_TARGET_NAME = DisplayingData;
			};
			name = Release;
		};
/* End XCBuildConfiguration section */

/* Begin XCConfigurationList section */
		46E694AB2D135D5D003B05CF /* Build configuration list for PBXProject "DisplayingData" */ = {
			isa = XCConfigurationList;
			buildConfigurations = (
				46E694D22D135D5F003B05CF /* Debug */,
				46E694D32D135D5F003B05CF /* Release */,
			);
			defaultConfigurationIsVisible = 0;
			defaultConfigurationName = Release;
		};
		46E694D42D135D5F003B05CF /* Build configuration list for PBXNativeTarget "DisplayingData" */ = {
			isa = XCConfigurationList;
			buildConfigurations = (
				46E694D52D135D5F003B05CF /* Debug */,
				46E694D62D135D5F003B05CF /* Release */,
			);
			defaultConfigurationIsVisible = 0;
			defaultConfigurationName = Release;
		};
		46E694D72D135D5F003B05CF /* Build configuration list for PBXNativeTarget "DisplayingDataTests" */ = {
			isa = XCConfigurationList;
			buildConfigurations = (
				46E694D82D135D5F003B05CF /* Debug */,
				46E694D92D135D5F003B05CF /* Release */,
			);
			defaultConfigurationIsVisible = 0;
			defaultConfigurationName = Release;
		};
		46E694DA2D135D5F003B05CF /* Build configuration list for PBXNativeTarget "DisplayingDataUITests" */ = {
			isa = XCConfigurationList;
			buildConfigurations = (
				46E694DB2D135D5F003B05CF /* Debug */,
				46E694DC2D135D5F003B05CF /* Release */,
			);
			defaultConfigurationIsVisible = 0;
			defaultConfigurationName = Release;
		};
/* End XCConfigurationList section */
	};
	rootObject = 46E694A82D135D5D003B05CF /* Project object */;
}
